
Microsoft Visual Studio Solution File, Format Version 12.00
# Visual Studio Version 17
VisualStudioVersion = 17.9.34701.34
MinimumVisualStudioVersion = 10.0.40219.1
Project("{2150E333-8FDC-42A3-9474-1A3956D46DE8}") = "Solution Items", "Solution Items", "{1489EA4A-3912-41D6-8655-597D224EEF6E}"
	ProjectSection(SolutionItems) = preProject
		.editorconfig = .editorconfig
		Directory.Build.props = Directory.Build.props
	EndProjectSection
EndProject
Project("{2150E333-8FDC-42A3-9474-1A3956D46DE8}") = "src", "src", "{B2DACA48-4335-4C4E-B890-1B96BEA9DAC6}"
EndProject
Project("{2150E333-8FDC-42A3-9474-1A3956D46DE8}") = "API", "API", "{FB742633-A63E-422B-8EF3-B168E8DC07E8}"
EndProject
Project("{2150E333-8FDC-42A3-9474-1A3956D46DE8}") = "Modules", "Modules", "{A1AC4679-C096-44E4-8492-0D3C8648B7F1}"
EndProject
Project("{2150E333-8FDC-42A3-9474-1A3956D46DE8}") = "Events", "Events", "{CA188C77-724D-48C0-8D8D-D69C584FE52E}"
EndProject
Project("{9A19103F-16F7-4668-BE54-9A1E7A4F7556}") = "Eventify.Api", "src\API\Eventify.Api\Eventify.Api.csproj", "{026B7785-D2EA-4148-887D-FE4FAF7490ED}"
EndProject
Project("{9A19103F-16F7-4668-BE54-9A1E7A4F7556}") = "Eventify.Modules.Events.Application", "src\Modules\Events\Eventify.Modules.Events.Application\Eventify.Modules.Events.Application.csproj", "{F76AF598-B924-4BD7-9FF4-6455EC69CFD2}"
EndProject
Project("{9A19103F-16F7-4668-BE54-9A1E7A4F7556}") = "Eventify.Modules.Events.Infrastructure", "src\Modules\Events\Eventify.Modules.Events.Infrastructure\Eventify.Modules.Events.Infrastructure.csproj", "{8CD82DD0-BD18-4625-95BF-22FA066235CF}"
EndProject
Project("{9A19103F-16F7-4668-BE54-9A1E7A4F7556}") = "Eventify.Modules.Events.Presentation", "src\Modules\Events\Eventify.Modules.Events.Presentation\Eventify.Modules.Events.Presentation.csproj", "{CD63E177-3DEC-4DF1-AF7E-F0C38C1CA3F4}"
EndProject
Project("{9A19103F-16F7-4668-BE54-9A1E7A4F7556}") = "Eventify.Modules.Events.Domain", "src\Modules\Events\Eventify.Modules.Events.Domain\Eventify.Modules.Events.Domain.csproj", "{D520E868-ABBC-4FA8-84A5-AC8FDC2D9804}"
EndProject
Project("{2150E333-8FDC-42A3-9474-1A3956D46DE8}") = "Shared", "Shared", "{DC4AFCAF-403A-4513-A1CF-4B6B9D4D274E}"
EndProject
Project("{9A19103F-16F7-4668-BE54-9A1E7A4F7556}") = "Eventify.Shared.Application", "src\Shared\Eventify.Shared.Application\Eventify.Shared.Application.csproj", "{F7E35389-0822-48A3-B8B7-21A023E348E9}"
EndProject
Project("{9A19103F-16F7-4668-BE54-9A1E7A4F7556}") = "Eventify.Shared.Infrastructure", "src\Shared\Eventify.Shared.Infrastructure\Eventify.Shared.Infrastructure.csproj", "{CEBC5397-5261-4E91-BD51-0793FC1A936B}"
EndProject
Project("{9A19103F-16F7-4668-BE54-9A1E7A4F7556}") = "Eventify.Shared.Domain", "src\Shared\Eventify.Shared.Domain\Eventify.Shared.Domain.csproj", "{CF2EBFDB-5DAD-4B78-A262-CF133863BFC6}"
EndProject
Project("{E53339B2-1760-4266-BCC7-CA923CBCF16C}") = "docker-compose", "docker-compose.dcproj", "{50098BB7-E11D-4071-B91F-DD1CD37A2F6A}"
EndProject
Project("{2150E333-8FDC-42A3-9474-1A3956D46DE8}") = "Users", "Users", "{07555C48-7B53-4ED0-ABF8-95BAEF73F843}"
EndProject
Project("{9A19103F-16F7-4668-BE54-9A1E7A4F7556}") = "Eventify.Modules.Users.Application", "src\Modules\Users\Eventify.Modules.Users.Application\Eventify.Modules.Users.Application.csproj", "{E453D80F-5E37-4743-AEEF-000F73EE0482}"
EndProject
Project("{9A19103F-16F7-4668-BE54-9A1E7A4F7556}") = "Eventify.Modules.Users.Domain", "src\Modules\Users\Eventify.Modules.Users.Domain\Eventify.Modules.Users.Domain.csproj", "{BD44619E-B168-42EE-9B12-1A1AC74D68E6}"
EndProject
Project("{9A19103F-16F7-4668-BE54-9A1E7A4F7556}") = "Eventify.Modules.Users.Infrastructure", "src\Modules\Users\Eventify.Modules.Users.Infrastructure\Eventify.Modules.Users.Infrastructure.csproj", "{AA6BC294-0B5C-4516-A0D8-60671401B06A}"
EndProject
Project("{9A19103F-16F7-4668-BE54-9A1E7A4F7556}") = "Eventify.Modules.Users.Presentation", "src\Modules\Users\Eventify.Modules.Users.Presentation\Eventify.Modules.Users.Presentation.csproj", "{088E1CC7-16D8-48A0-983A-E24077EABAFA}"
EndProject
Project("{9A19103F-16F7-4668-BE54-9A1E7A4F7556}") = "Eventify.Shared.Presentation", "src\Shared\Eventify.Shared.Presentation\Eventify.Shared.Presentation.csproj", "{AD0A4FE9-7F2E-4E22-BBD4-320ACEC58B5C}"
EndProject
Project("{2150E333-8FDC-42A3-9474-1A3956D46DE8}") = "Ticketing", "Ticketing", "{4E3D3E86-BEB1-4549-B895-E01C3656CC61}"
EndProject
Project("{9A19103F-16F7-4668-BE54-9A1E7A4F7556}") = "Eventify.Modules.Ticketing.Application", "src\Modules\Ticketing\Eventify.Modules.Ticketing.Application\Eventify.Modules.Ticketing.Application.csproj", "{CFD6A7A9-C824-4FBF-98C5-197D3CA3087F}"
EndProject
Project("{9A19103F-16F7-4668-BE54-9A1E7A4F7556}") = "Eventify.Modules.Ticketing.Domain", "src\Modules\Ticketing\Eventify.Modules.Ticketing.Domain\Eventify.Modules.Ticketing.Domain.csproj", "{EC1D751B-95C7-4126-9E53-C38DFC5FB104}"
EndProject
Project("{9A19103F-16F7-4668-BE54-9A1E7A4F7556}") = "Eventify.Modules.Ticketing.Presentation", "src\Modules\Ticketing\Eventify.Modules.Ticketing.Presentation\Eventify.Modules.Ticketing.Presentation.csproj", "{85DE77E9-7BD6-4C78-9CE7-6E027C89E9BA}"
EndProject
Project("{9A19103F-16F7-4668-BE54-9A1E7A4F7556}") = "Eventify.Modules.Ticketing.Infrastructure", "src\Modules\Ticketing\Eventify.Modules.Ticketing.Infrastructure\Eventify.Modules.Ticketing.Infrastructure.csproj", "{576A4CBB-51CA-4D3E-A883-1FAE4A745FFD}"
EndProject
Project("{FAE04EC0-301F-11D3-BF4B-00C04F79EFBC}") = "Eventify.Modules.Users.IntegrationEvent", "src\Modules\Users\Eventify.Modules.Users.MessageContracts\Eventify.Modules.Users.IntegrationEvent.csproj", "{BD56BBDC-530A-4927-BE8F-29C95BC883F9}"
EndProject
Project("{FAE04EC0-301F-11D3-BF4B-00C04F79EFBC}") = "Eventify.Modules.Ticketing.IntegrationEvent", "src\Modules\Ticketing\Eventify.Modules.Ticketing.MessageContracts\Eventify.Modules.Ticketing.IntegrationEvent.csproj", "{9986F097-A7ED-4FCF-9387-8A6D4CE4E574}"
EndProject
Global
	GlobalSection(SolutionConfigurationPlatforms) = preSolution
		Debug|Any CPU = Debug|Any CPU
		Release|Any CPU = Release|Any CPU
	EndGlobalSection
	GlobalSection(ProjectConfigurationPlatforms) = postSolution
		{026B7785-D2EA-4148-887D-FE4FAF7490ED}.Debug|Any CPU.ActiveCfg = Debug|Any CPU
		{026B7785-D2EA-4148-887D-FE4FAF7490ED}.Debug|Any CPU.Build.0 = Debug|Any CPU
		{026B7785-D2EA-4148-887D-FE4FAF7490ED}.Release|Any CPU.ActiveCfg = Release|Any CPU
		{026B7785-D2EA-4148-887D-FE4FAF7490ED}.Release|Any CPU.Build.0 = Release|Any CPU
		{F76AF598-B924-4BD7-9FF4-6455EC69CFD2}.Debug|Any CPU.ActiveCfg = Debug|Any CPU
		{F76AF598-B924-4BD7-9FF4-6455EC69CFD2}.Debug|Any CPU.Build.0 = Debug|Any CPU
		{F76AF598-B924-4BD7-9FF4-6455EC69CFD2}.Release|Any CPU.ActiveCfg = Release|Any CPU
		{F76AF598-B924-4BD7-9FF4-6455EC69CFD2}.Release|Any CPU.Build.0 = Release|Any CPU
		{8CD82DD0-BD18-4625-95BF-22FA066235CF}.Debug|Any CPU.ActiveCfg = Debug|Any CPU
		{8CD82DD0-BD18-4625-95BF-22FA066235CF}.Debug|Any CPU.Build.0 = Debug|Any CPU
		{8CD82DD0-BD18-4625-95BF-22FA066235CF}.Release|Any CPU.ActiveCfg = Release|Any CPU
		{8CD82DD0-BD18-4625-95BF-22FA066235CF}.Release|Any CPU.Build.0 = Release|Any CPU
		{CD63E177-3DEC-4DF1-AF7E-F0C38C1CA3F4}.Debug|Any CPU.ActiveCfg = Debug|Any CPU
		{CD63E177-3DEC-4DF1-AF7E-F0C38C1CA3F4}.Debug|Any CPU.Build.0 = Debug|Any CPU
		{CD63E177-3DEC-4DF1-AF7E-F0C38C1CA3F4}.Release|Any CPU.ActiveCfg = Release|Any CPU
		{CD63E177-3DEC-4DF1-AF7E-F0C38C1CA3F4}.Release|Any CPU.Build.0 = Release|Any CPU
		{D520E868-ABBC-4FA8-84A5-AC8FDC2D9804}.Debug|Any CPU.ActiveCfg = Debug|Any CPU
		{D520E868-ABBC-4FA8-84A5-AC8FDC2D9804}.Debug|Any CPU.Build.0 = Debug|Any CPU
		{D520E868-ABBC-4FA8-84A5-AC8FDC2D9804}.Release|Any CPU.ActiveCfg = Release|Any CPU
		{D520E868-ABBC-4FA8-84A5-AC8FDC2D9804}.Release|Any CPU.Build.0 = Release|Any CPU
		{F7E35389-0822-48A3-B8B7-21A023E348E9}.Debug|Any CPU.ActiveCfg = Debug|Any CPU
		{F7E35389-0822-48A3-B8B7-21A023E348E9}.Debug|Any CPU.Build.0 = Debug|Any CPU
		{F7E35389-0822-48A3-B8B7-21A023E348E9}.Release|Any CPU.ActiveCfg = Release|Any CPU
		{F7E35389-0822-48A3-B8B7-21A023E348E9}.Release|Any CPU.Build.0 = Release|Any CPU
		{CEBC5397-5261-4E91-BD51-0793FC1A936B}.Debug|Any CPU.ActiveCfg = Debug|Any CPU
		{CEBC5397-5261-4E91-BD51-0793FC1A936B}.Debug|Any CPU.Build.0 = Debug|Any CPU
		{CEBC5397-5261-4E91-BD51-0793FC1A936B}.Release|Any CPU.ActiveCfg = Release|Any CPU
		{CEBC5397-5261-4E91-BD51-0793FC1A936B}.Release|Any CPU.Build.0 = Release|Any CPU
		{CF2EBFDB-5DAD-4B78-A262-CF133863BFC6}.Debug|Any CPU.ActiveCfg = Debug|Any CPU
		{CF2EBFDB-5DAD-4B78-A262-CF133863BFC6}.Debug|Any CPU.Build.0 = Debug|Any CPU
		{CF2EBFDB-5DAD-4B78-A262-CF133863BFC6}.Release|Any CPU.ActiveCfg = Release|Any CPU
		{CF2EBFDB-5DAD-4B78-A262-CF133863BFC6}.Release|Any CPU.Build.0 = Release|Any CPU
		{50098BB7-E11D-4071-B91F-DD1CD37A2F6A}.Debug|Any CPU.ActiveCfg = Debug|Any CPU
		{50098BB7-E11D-4071-B91F-DD1CD37A2F6A}.Debug|Any CPU.Build.0 = Debug|Any CPU
		{50098BB7-E11D-4071-B91F-DD1CD37A2F6A}.Release|Any CPU.ActiveCfg = Release|Any CPU
		{50098BB7-E11D-4071-B91F-DD1CD37A2F6A}.Release|Any CPU.Build.0 = Release|Any CPU
		{E453D80F-5E37-4743-AEEF-000F73EE0482}.Debug|Any CPU.ActiveCfg = Debug|Any CPU
		{E453D80F-5E37-4743-AEEF-000F73EE0482}.Debug|Any CPU.Build.0 = Debug|Any CPU
		{E453D80F-5E37-4743-AEEF-000F73EE0482}.Release|Any CPU.ActiveCfg = Release|Any CPU
		{E453D80F-5E37-4743-AEEF-000F73EE0482}.Release|Any CPU.Build.0 = Release|Any CPU
		{BD44619E-B168-42EE-9B12-1A1AC74D68E6}.Debug|Any CPU.ActiveCfg = Debug|Any CPU
		{BD44619E-B168-42EE-9B12-1A1AC74D68E6}.Debug|Any CPU.Build.0 = Debug|Any CPU
		{BD44619E-B168-42EE-9B12-1A1AC74D68E6}.Release|Any CPU.ActiveCfg = Release|Any CPU
		{BD44619E-B168-42EE-9B12-1A1AC74D68E6}.Release|Any CPU.Build.0 = Release|Any CPU
		{AA6BC294-0B5C-4516-A0D8-60671401B06A}.Debug|Any CPU.ActiveCfg = Debug|Any CPU
		{AA6BC294-0B5C-4516-A0D8-60671401B06A}.Debug|Any CPU.Build.0 = Debug|Any CPU
		{AA6BC294-0B5C-4516-A0D8-60671401B06A}.Release|Any CPU.ActiveCfg = Release|Any CPU
		{AA6BC294-0B5C-4516-A0D8-60671401B06A}.Release|Any CPU.Build.0 = Release|Any CPU
		{088E1CC7-16D8-48A0-983A-E24077EABAFA}.Debug|Any CPU.ActiveCfg = Debug|Any CPU
		{088E1CC7-16D8-48A0-983A-E24077EABAFA}.Debug|Any CPU.Build.0 = Debug|Any CPU
		{088E1CC7-16D8-48A0-983A-E24077EABAFA}.Release|Any CPU.ActiveCfg = Release|Any CPU
		{088E1CC7-16D8-48A0-983A-E24077EABAFA}.Release|Any CPU.Build.0 = Release|Any CPU
		{AD0A4FE9-7F2E-4E22-BBD4-320ACEC58B5C}.Debug|Any CPU.ActiveCfg = Debug|Any CPU
		{AD0A4FE9-7F2E-4E22-BBD4-320ACEC58B5C}.Debug|Any CPU.Build.0 = Debug|Any CPU
		{AD0A4FE9-7F2E-4E22-BBD4-320ACEC58B5C}.Release|Any CPU.ActiveCfg = Release|Any CPU
		{AD0A4FE9-7F2E-4E22-BBD4-320ACEC58B5C}.Release|Any CPU.Build.0 = Release|Any CPU
		{CFD6A7A9-C824-4FBF-98C5-197D3CA3087F}.Debug|Any CPU.ActiveCfg = Debug|Any CPU
		{CFD6A7A9-C824-4FBF-98C5-197D3CA3087F}.Debug|Any CPU.Build.0 = Debug|Any CPU
		{CFD6A7A9-C824-4FBF-98C5-197D3CA3087F}.Release|Any CPU.ActiveCfg = Release|Any CPU
		{CFD6A7A9-C824-4FBF-98C5-197D3CA3087F}.Release|Any CPU.Build.0 = Release|Any CPU
		{EC1D751B-95C7-4126-9E53-C38DFC5FB104}.Debug|Any CPU.ActiveCfg = Debug|Any CPU
		{EC1D751B-95C7-4126-9E53-C38DFC5FB104}.Debug|Any CPU.Build.0 = Debug|Any CPU
		{EC1D751B-95C7-4126-9E53-C38DFC5FB104}.Release|Any CPU.ActiveCfg = Release|Any CPU
		{EC1D751B-95C7-4126-9E53-C38DFC5FB104}.Release|Any CPU.Build.0 = Release|Any CPU
		{85DE77E9-7BD6-4C78-9CE7-6E027C89E9BA}.Debug|Any CPU.ActiveCfg = Debug|Any CPU
		{85DE77E9-7BD6-4C78-9CE7-6E027C89E9BA}.Debug|Any CPU.Build.0 = Debug|Any CPU
		{85DE77E9-7BD6-4C78-9CE7-6E027C89E9BA}.Release|Any CPU.ActiveCfg = Release|Any CPU
		{85DE77E9-7BD6-4C78-9CE7-6E027C89E9BA}.Release|Any CPU.Build.0 = Release|Any CPU
		{576A4CBB-51CA-4D3E-A883-1FAE4A745FFD}.Debug|Any CPU.ActiveCfg = Debug|Any CPU
		{576A4CBB-51CA-4D3E-A883-1FAE4A745FFD}.Debug|Any CPU.Build.0 = Debug|Any CPU
		{576A4CBB-51CA-4D3E-A883-1FAE4A745FFD}.Release|Any CPU.ActiveCfg = Release|Any CPU
		{576A4CBB-51CA-4D3E-A883-1FAE4A745FFD}.Release|Any CPU.Build.0 = Release|Any CPU
		{BD56BBDC-530A-4927-BE8F-29C95BC883F9}.Debug|Any CPU.ActiveCfg = Debug|Any CPU
		{BD56BBDC-530A-4927-BE8F-29C95BC883F9}.Debug|Any CPU.Build.0 = Debug|Any CPU
		{BD56BBDC-530A-4927-BE8F-29C95BC883F9}.Release|Any CPU.ActiveCfg = Release|Any CPU
		{BD56BBDC-530A-4927-BE8F-29C95BC883F9}.Release|Any CPU.Build.0 = Release|Any CPU
		{9986F097-A7ED-4FCF-9387-8A6D4CE4E574}.Debug|Any CPU.ActiveCfg = Debug|Any CPU
		{9986F097-A7ED-4FCF-9387-8A6D4CE4E574}.Debug|Any CPU.Build.0 = Debug|Any CPU
		{9986F097-A7ED-4FCF-9387-8A6D4CE4E574}.Release|Any CPU.ActiveCfg = Release|Any CPU
		{9986F097-A7ED-4FCF-9387-8A6D4CE4E574}.Release|Any CPU.Build.0 = Release|Any CPU
	EndGlobalSection
	GlobalSection(SolutionProperties) = preSolution
		HideSolutionNode = FALSE
	EndGlobalSection
	GlobalSection(NestedProjects) = preSolution
		{FB742633-A63E-422B-8EF3-B168E8DC07E8} = {B2DACA48-4335-4C4E-B890-1B96BEA9DAC6}
		{A1AC4679-C096-44E4-8492-0D3C8648B7F1} = {B2DACA48-4335-4C4E-B890-1B96BEA9DAC6}
		{CA188C77-724D-48C0-8D8D-D69C584FE52E} = {A1AC4679-C096-44E4-8492-0D3C8648B7F1}
		{026B7785-D2EA-4148-887D-FE4FAF7490ED} = {FB742633-A63E-422B-8EF3-B168E8DC07E8}
		{F76AF598-B924-4BD7-9FF4-6455EC69CFD2} = {CA188C77-724D-48C0-8D8D-D69C584FE52E}
		{8CD82DD0-BD18-4625-95BF-22FA066235CF} = {CA188C77-724D-48C0-8D8D-D69C584FE52E}
		{CD63E177-3DEC-4DF1-AF7E-F0C38C1CA3F4} = {CA188C77-724D-48C0-8D8D-D69C584FE52E}
		{D520E868-ABBC-4FA8-84A5-AC8FDC2D9804} = {CA188C77-724D-48C0-8D8D-D69C584FE52E}
		{DC4AFCAF-403A-4513-A1CF-4B6B9D4D274E} = {B2DACA48-4335-4C4E-B890-1B96BEA9DAC6}
		{F7E35389-0822-48A3-B8B7-21A023E348E9} = {DC4AFCAF-403A-4513-A1CF-4B6B9D4D274E}
		{CEBC5397-5261-4E91-BD51-0793FC1A936B} = {DC4AFCAF-403A-4513-A1CF-4B6B9D4D274E}
		{CF2EBFDB-5DAD-4B78-A262-CF133863BFC6} = {DC4AFCAF-403A-4513-A1CF-4B6B9D4D274E}
		{07555C48-7B53-4ED0-ABF8-95BAEF73F843} = {A1AC4679-C096-44E4-8492-0D3C8648B7F1}
		{E453D80F-5E37-4743-AEEF-000F73EE0482} = {07555C48-7B53-4ED0-ABF8-95BAEF73F843}
		{BD44619E-B168-42EE-9B12-1A1AC74D68E6} = {07555C48-7B53-4ED0-ABF8-95BAEF73F843}
		{AA6BC294-0B5C-4516-A0D8-60671401B06A} = {07555C48-7B53-4ED0-ABF8-95BAEF73F843}
		{088E1CC7-16D8-48A0-983A-E24077EABAFA} = {07555C48-7B53-4ED0-ABF8-95BAEF73F843}
		{AD0A4FE9-7F2E-4E22-BBD4-320ACEC58B5C} = {DC4AFCAF-403A-4513-A1CF-4B6B9D4D274E}
		{4E3D3E86-BEB1-4549-B895-E01C3656CC61} = {A1AC4679-C096-44E4-8492-0D3C8648B7F1}
		{CFD6A7A9-C824-4FBF-98C5-197D3CA3087F} = {4E3D3E86-BEB1-4549-B895-E01C3656CC61}
		{EC1D751B-95C7-4126-9E53-C38DFC5FB104} = {4E3D3E86-BEB1-4549-B895-E01C3656CC61}
		{85DE77E9-7BD6-4C78-9CE7-6E027C89E9BA} = {4E3D3E86-BEB1-4549-B895-E01C3656CC61}
		{576A4CBB-51CA-4D3E-A883-1FAE4A745FFD} = {4E3D3E86-BEB1-4549-B895-E01C3656CC61}
		{BD56BBDC-530A-4927-BE8F-29C95BC883F9} = {07555C48-7B53-4ED0-ABF8-95BAEF73F843}
		{9986F097-A7ED-4FCF-9387-8A6D4CE4E574} = {4E3D3E86-BEB1-4549-B895-E01C3656CC61}
	EndGlobalSection
	GlobalSection(ExtensibilityGlobals) = postSolution
		SolutionGuid = {1E42AE86-7F3C-45F4-A386-AB71CC4446CB}
	EndGlobalSection
EndGlobal
