
Microsoft Visual Studio Solution File, Format Version 12.00
# Visual Studio Version 17
VisualStudioVersion = 17.9.34701.34
MinimumVisualStudioVersion = 10.0.40219.1
Project("{2150E333-8FDC-42A3-9474-1A3956D46DE8}") = "Solution Items", "Solution Items", "{1489EA4A-3912-41D6-8655-597D224EEF6E}"
	ProjectSection(SolutionItems) = preProject
		.editorconfig = .editorconfig
		Directory.Build.props = Directory.Build.props
	EndProjectSection
EndProject
Project("{2150E333-8FDC-42A3-9474-1A3956D46DE8}") = "src", "src", "{B2DACA48-4335-4C4E-B890-1B96BEA9DAC6}"
EndProject
Project("{2150E333-8FDC-42A3-9474-1A3956D46DE8}") = "API", "API", "{FB742633-A63E-422B-8EF3-B168E8DC07E8}"
EndProject
Project("{2150E333-8FDC-42A3-9474-1A3956D46DE8}") = "Modules", "Modules", "{A1AC4679-C096-44E4-8492-0D3C8648B7F1}"
EndProject
Project("{2150E333-8FDC-42A3-9474-1A3956D46DE8}") = "Events", "Events", "{CA188C77-724D-48C0-8D8D-D69C584FE52E}"
EndProject
Project("{9A19103F-16F7-4668-BE54-9A1E7A4F7556}") = "Eventify.Api", "src\API\Eventify.Api\Eventify.Api.csproj", "{026B7785-D2EA-4148-887D-FE4FAF7490ED}"
EndProject
Project("{9A19103F-16F7-4668-BE54-9A1E7A4F7556}") = "Eventify.Modules.Events.Application", "src\Modules\Events\Eventify.Modules.Events.Application\Eventify.Modules.Events.Application.csproj", "{F76AF598-B924-4BD7-9FF4-6455EC69CFD2}"
EndProject
Project("{9A19103F-16F7-4668-BE54-9A1E7A4F7556}") = "Eventify.Modules.Events.Infrastructure", "src\Modules\Events\Eventify.Modules.Events.Infrastructure\Eventify.Modules.Events.Infrastructure.csproj", "{8CD82DD0-BD18-4625-95BF-22FA066235CF}"
EndProject
Project("{9A19103F-16F7-4668-BE54-9A1E7A4F7556}") = "Eventify.Modules.Events.Presentation", "src\Modules\Events\Eventify.Modules.Events.Presentation\Eventify.Modules.Events.Presentation.csproj", "{CD63E177-3DEC-4DF1-AF7E-F0C38C1CA3F4}"
EndProject
Project("{9A19103F-16F7-4668-BE54-9A1E7A4F7556}") = "Eventify.Modules.Events.Domain", "src\Modules\Events\Eventify.Modules.Events.Domain\Eventify.Modules.Events.Domain.csproj", "{D520E868-ABBC-4FA8-84A5-AC8FDC2D9804}"
EndProject
Project("{2150E333-8FDC-42A3-9474-1A3956D46DE8}") = "Shared", "Shared", "{DC4AFCAF-403A-4513-A1CF-4B6B9D4D274E}"
EndProject
Project("{9A19103F-16F7-4668-BE54-9A1E7A4F7556}") = "Eventify.Shared.Application", "src\Shared\Eventify.Shared.Application\Eventify.Shared.Application.csproj", "{F7E35389-0822-48A3-B8B7-21A023E348E9}"
EndProject
Project("{9A19103F-16F7-4668-BE54-9A1E7A4F7556}") = "Eventify.Shared.Infrastructure", "src\Shared\Eventify.Shared.Infrastructure\Eventify.Shared.Infrastructure.csproj", "{CEBC5397-5261-4E91-BD51-0793FC1A936B}"
EndProject
Project("{9A19103F-16F7-4668-BE54-9A1E7A4F7556}") = "Eventify.Shared.Domain", "src\Shared\Eventify.Shared.Domain\Eventify.Shared.Domain.csproj", "{CF2EBFDB-5DAD-4B78-A262-CF133863BFC6}"
EndProject
Project("{E53339B2-1760-4266-BCC7-CA923CBCF16C}") = "docker-compose", "docker-compose.dcproj", "{50098BB7-E11D-4071-B91F-DD1CD37A2F6A}"
EndProject
Global
	GlobalSection(SolutionConfigurationPlatforms) = preSolution
		Debug|Any CPU = Debug|Any CPU
		Release|Any CPU = Release|Any CPU
	EndGlobalSection
	GlobalSection(ProjectConfigurationPlatforms) = postSolution
		{026B7785-D2EA-4148-887D-FE4FAF7490ED}.Debug|Any CPU.ActiveCfg = Debug|Any CPU
		{026B7785-D2EA-4148-887D-FE4FAF7490ED}.Debug|Any CPU.Build.0 = Debug|Any CPU
		{026B7785-D2EA-4148-887D-FE4FAF7490ED}.Release|Any CPU.ActiveCfg = Release|Any CPU
		{026B7785-D2EA-4148-887D-FE4FAF7490ED}.Release|Any CPU.Build.0 = Release|Any CPU
		{F76AF598-B924-4BD7-9FF4-6455EC69CFD2}.Debug|Any CPU.ActiveCfg = Debug|Any CPU
		{F76AF598-B924-4BD7-9FF4-6455EC69CFD2}.Debug|Any CPU.Build.0 = Debug|Any CPU
		{F76AF598-B924-4BD7-9FF4-6455EC69CFD2}.Release|Any CPU.ActiveCfg = Release|Any CPU
		{F76AF598-B924-4BD7-9FF4-6455EC69CFD2}.Release|Any CPU.Build.0 = Release|Any CPU
		{8CD82DD0-BD18-4625-95BF-22FA066235CF}.Debug|Any CPU.ActiveCfg = Debug|Any CPU
		{8CD82DD0-BD18-4625-95BF-22FA066235CF}.Debug|Any CPU.Build.0 = Debug|Any CPU
		{8CD82DD0-BD18-4625-95BF-22FA066235CF}.Release|Any CPU.ActiveCfg = Release|Any CPU
		{8CD82DD0-BD18-4625-95BF-22FA066235CF}.Release|Any CPU.Build.0 = Release|Any CPU
		{CD63E177-3DEC-4DF1-AF7E-F0C38C1CA3F4}.Debug|Any CPU.ActiveCfg = Debug|Any CPU
		{CD63E177-3DEC-4DF1-AF7E-F0C38C1CA3F4}.Debug|Any CPU.Build.0 = Debug|Any CPU
		{CD63E177-3DEC-4DF1-AF7E-F0C38C1CA3F4}.Release|Any CPU.ActiveCfg = Release|Any CPU
		{CD63E177-3DEC-4DF1-AF7E-F0C38C1CA3F4}.Release|Any CPU.Build.0 = Release|Any CPU
		{D520E868-ABBC-4FA8-84A5-AC8FDC2D9804}.Debug|Any CPU.ActiveCfg = Debug|Any CPU
		{D520E868-ABBC-4FA8-84A5-AC8FDC2D9804}.Debug|Any CPU.Build.0 = Debug|Any CPU
		{D520E868-ABBC-4FA8-84A5-AC8FDC2D9804}.Release|Any CPU.ActiveCfg = Release|Any CPU
		{D520E868-ABBC-4FA8-84A5-AC8FDC2D9804}.Release|Any CPU.Build.0 = Release|Any CPU
		{F7E35389-0822-48A3-B8B7-21A023E348E9}.Debug|Any CPU.ActiveCfg = Debug|Any CPU
		{F7E35389-0822-48A3-B8B7-21A023E348E9}.Debug|Any CPU.Build.0 = Debug|Any CPU
		{F7E35389-0822-48A3-B8B7-21A023E348E9}.Release|Any CPU.ActiveCfg = Release|Any CPU
		{F7E35389-0822-48A3-B8B7-21A023E348E9}.Release|Any CPU.Build.0 = Release|Any CPU
		{CEBC5397-5261-4E91-BD51-0793FC1A936B}.Debug|Any CPU.ActiveCfg = Debug|Any CPU
		{CEBC5397-5261-4E91-BD51-0793FC1A936B}.Debug|Any CPU.Build.0 = Debug|Any CPU
		{CEBC5397-5261-4E91-BD51-0793FC1A936B}.Release|Any CPU.ActiveCfg = Release|Any CPU
		{CEBC5397-5261-4E91-BD51-0793FC1A936B}.Release|Any CPU.Build.0 = Release|Any CPU
		{CF2EBFDB-5DAD-4B78-A262-CF133863BFC6}.Debug|Any CPU.ActiveCfg = Debug|Any CPU
		{CF2EBFDB-5DAD-4B78-A262-CF133863BFC6}.Debug|Any CPU.Build.0 = Debug|Any CPU
		{CF2EBFDB-5DAD-4B78-A262-CF133863BFC6}.Release|Any CPU.ActiveCfg = Release|Any CPU
		{CF2EBFDB-5DAD-4B78-A262-CF133863BFC6}.Release|Any CPU.Build.0 = Release|Any CPU
		{50098BB7-E11D-4071-B91F-DD1CD37A2F6A}.Debug|Any CPU.ActiveCfg = Debug|Any CPU
		{50098BB7-E11D-4071-B91F-DD1CD37A2F6A}.Debug|Any CPU.Build.0 = Debug|Any CPU
		{50098BB7-E11D-4071-B91F-DD1CD37A2F6A}.Release|Any CPU.ActiveCfg = Release|Any CPU
		{50098BB7-E11D-4071-B91F-DD1CD37A2F6A}.Release|Any CPU.Build.0 = Release|Any CPU
	EndGlobalSection
	GlobalSection(SolutionProperties) = preSolution
		HideSolutionNode = FALSE
	EndGlobalSection
	GlobalSection(NestedProjects) = preSolution
		{FB742633-A63E-422B-8EF3-B168E8DC07E8} = {B2DACA48-4335-4C4E-B890-1B96BEA9DAC6}
		{A1AC4679-C096-44E4-8492-0D3C8648B7F1} = {B2DACA48-4335-4C4E-B890-1B96BEA9DAC6}
		{CA188C77-724D-48C0-8D8D-D69C584FE52E} = {A1AC4679-C096-44E4-8492-0D3C8648B7F1}
		{026B7785-D2EA-4148-887D-FE4FAF7490ED} = {FB742633-A63E-422B-8EF3-B168E8DC07E8}
		{F76AF598-B924-4BD7-9FF4-6455EC69CFD2} = {CA188C77-724D-48C0-8D8D-D69C584FE52E}
		{8CD82DD0-BD18-4625-95BF-22FA066235CF} = {CA188C77-724D-48C0-8D8D-D69C584FE52E}
		{CD63E177-3DEC-4DF1-AF7E-F0C38C1CA3F4} = {CA188C77-724D-48C0-8D8D-D69C584FE52E}
		{D520E868-ABBC-4FA8-84A5-AC8FDC2D9804} = {CA188C77-724D-48C0-8D8D-D69C584FE52E}
		{DC4AFCAF-403A-4513-A1CF-4B6B9D4D274E} = {B2DACA48-4335-4C4E-B890-1B96BEA9DAC6}
		{F7E35389-0822-48A3-B8B7-21A023E348E9} = {DC4AFCAF-403A-4513-A1CF-4B6B9D4D274E}
		{CEBC5397-5261-4E91-BD51-0793FC1A936B} = {DC4AFCAF-403A-4513-A1CF-4B6B9D4D274E}
		{CF2EBFDB-5DAD-4B78-A262-CF133863BFC6} = {DC4AFCAF-403A-4513-A1CF-4B6B9D4D274E}
	EndGlobalSection
	GlobalSection(ExtensibilityGlobals) = postSolution
		SolutionGuid = {1E42AE86-7F3C-45F4-A386-AB71CC4446CB}
	EndGlobalSection
EndGlobal
